
Microsoft Visual Studio Solution File, Format Version 12.00
# Visual Studio 15
VisualStudioVersion = 15.0.28010.2036
MinimumVisualStudioVersion = 10.0.40219.1
Project("{9A19103F-16F7-4668-BE54-9A1E7A4F7556}") = "RazorPrecompilationTest", "RazorPrecompilationTest\RazorPrecompilationTest.csproj", "{31118616-5636-4D2D-A43B-C56E3AEFB243}"
EndProject
Project("{FAE04EC0-301F-11D3-BF4B-00C04F79EFBC}") = "Api", "Api\Api.csproj", "{84E236E5-B502-409F-86DA-B418CA61DCD2}"
EndProject
Project("{E53339B2-1760-4266-BCC7-CA923CBCF16C}") = "docker-compose", "docker-compose.dcproj", "{8E0A9516-07C8-4884-B7DD-F59BD229999A}"
EndProject
Global
	GlobalSection(SolutionConfigurationPlatforms) = preSolution
		Debug|Any CPU = Debug|Any CPU
		Release|Any CPU = Release|Any CPU
	EndGlobalSection
	GlobalSection(ProjectConfigurationPlatforms) = postSolution
		{31118616-5636-4D2D-A43B-C56E3AEFB243}.Debug|Any CPU.ActiveCfg = Debug|Any CPU
		{31118616-5636-4D2D-A43B-C56E3AEFB243}.Debug|Any CPU.Build.0 = Debug|Any CPU
		{31118616-5636-4D2D-A43B-C56E3AEFB243}.Release|Any CPU.ActiveCfg = Release|Any CPU
		{31118616-5636-4D2D-A43B-C56E3AEFB243}.Release|Any CPU.Build.0 = Release|Any CPU
		{84E236E5-B502-409F-86DA-B418CA61DCD2}.Debug|Any CPU.ActiveCfg = Debug|Any CPU
		{84E236E5-B502-409F-86DA-B418CA61DCD2}.Debug|Any CPU.Build.0 = Debug|Any CPU
		{84E236E5-B502-409F-86DA-B418CA61DCD2}.Release|Any CPU.ActiveCfg = Release|Any CPU
		{84E236E5-B502-409F-86DA-B418CA61DCD2}.Release|Any CPU.Build.0 = Release|Any CPU
		{8E0A9516-07C8-4884-B7DD-F59BD229999A}.Debug|Any CPU.ActiveCfg = Debug|Any CPU
		{8E0A9516-07C8-4884-B7DD-F59BD229999A}.Debug|Any CPU.Build.0 = Debug|Any CPU
		{8E0A9516-07C8-4884-B7DD-F59BD229999A}.Release|Any CPU.ActiveCfg = Release|Any CPU
		{8E0A9516-07C8-4884-B7DD-F59BD229999A}.Release|Any CPU.Build.0 = Release|Any CPU
	EndGlobalSection
	GlobalSection(SolutionProperties) = preSolution
		HideSolutionNode = FALSE
	EndGlobalSection
	GlobalSection(ExtensibilityGlobals) = postSolution
		SolutionGuid = {E2FE4436-C7BF-44AD-BDDF-B2C7086A07D9}
	EndGlobalSection
EndGlobal
