
Microsoft Visual Studio Solution File, Format Version 12.00
# Visual Studio 15
VisualStudioVersion = 15.0.28010.2036
MinimumVisualStudioVersion = 10.0.40219.1
Project("{FAE04EC0-301F-11D3-BF4B-00C04F79EFBC}") = "RazorPrecompilationTest", "RazorPrecompilationTest\RazorPrecompilationTest.csproj", "{31118616-5636-4D2D-A43B-C56E3AEFB243}"
EndProject
Global
	GlobalSection(SolutionConfigurationPlatforms) = preSolution
		Debug|Any CPU = Debug|Any CPU
		Release|Any CPU = Release|Any CPU
	EndGlobalSection
	GlobalSection(ProjectConfigurationPlatforms) = postSolution
		{31118616-5636-4D2D-A43B-C56E3AEFB243}.Debug|Any CPU.ActiveCfg = Debug|Any CPU
		{31118616-5636-4D2D-A43B-C56E3AEFB243}.Debug|Any CPU.Build.0 = Debug|Any CPU
		{31118616-5636-4D2D-A43B-C56E3AEFB243}.Release|Any CPU.ActiveCfg = Release|Any CPU
		{31118616-5636-4D2D-A43B-C56E3AEFB243}.Release|Any CPU.Build.0 = Release|Any CPU
	EndGlobalSection
	GlobalSection(SolutionProperties) = preSolution
		HideSolutionNode = FALSE
	EndGlobalSection
	GlobalSection(ExtensibilityGlobals) = postSolution
		SolutionGuid = {E2FE4436-C7BF-44AD-BDDF-B2C7086A07D9}
	EndGlobalSection
EndGlobal
